
Microsoft Visual Studio Solution File, Format Version 12.00
# Visual Studio 15
VisualStudioVersion = 15.0.28307.779
MinimumVisualStudioVersion = 10.0.40219.1
Project("{FAE04EC0-301F-11D3-BF4B-00C04F79EFBC}") = "DogShow", "DogShow\DogShow.csproj", "{79738EB0-0232-44DD-9FB5-186225B09D45}"
EndProject
Global
	GlobalSection(SolutionConfigurationPlatforms) = preSolution
		Debug|Any CPU = Debug|Any CPU
		Release|Any CPU = Release|Any CPU
	EndGlobalSection
	GlobalSection(ProjectConfigurationPlatforms) = postSolution
		{79738EB0-0232-44DD-9FB5-186225B09D45}.Debug|Any CPU.ActiveCfg = Debug|Any CPU
		{79738EB0-0232-44DD-9FB5-186225B09D45}.Debug|Any CPU.Build.0 = Debug|Any CPU
		{79738EB0-0232-44DD-9FB5-186225B09D45}.Release|Any CPU.ActiveCfg = Release|Any CPU
		{79738EB0-0232-44DD-9FB5-186225B09D45}.Release|Any CPU.Build.0 = Release|Any CPU
	EndGlobalSection
	GlobalSection(SolutionProperties) = preSolution
		HideSolutionNode = FALSE
	EndGlobalSection
	GlobalSection(ExtensibilityGlobals) = postSolution
		SolutionGuid = {1C632861-A635-4D10-B6F1-8D2834C02AFD}
	EndGlobalSection
EndGlobal
